# generated by rye
# use `rye lock` or `rye sync` to update this lockfile
#
# last locked with the following flags:
#   pre: false
#   features: []
#   all-features: false
#   with-sources: false

-e file:.
asttokens==2.4.1
    # via stack-data
colorama==0.4.6
    # via ipython
    # via loguru
    # via pytest
decorator==5.1.1
    # via ipython
exceptiongroup==1.2.0
    # via ipython
    # via pytest
executing==2.0.1
    # via stack-data
iniconfig==2.0.0
    # via pytest
ipython==8.23.0
jedi==0.19.1
    # via ipython
loguru==0.7.2
    # via deeplx-tr
markdown-it-py==3.0.0
    # via rich
matplotlib-inline==0.1.6
    # via ipython
mdurl==0.1.2
    # via markdown-it-py
packaging==24.0
    # via pytest
parso==0.8.4
    # via jedi
pluggy==1.4.0
    # via pytest
prompt-toolkit==3.0.43
    # via ipython
pure-eval==0.2.2
    # via stack-data
pygments==2.17.2
    # via ipython
    # via rich
pytest==8.1.1
rich==13.7.1
    # via deeplx-tr
ruff==0.3.5
six==1.16.0
    # via asttokens
stack-data==0.6.3
    # via ipython
tomli==2.0.1
    # via pytest
traitlets==5.14.2
    # via ipython
    # via matplotlib-inline
typing-extensions==4.11.0
    # via ipython
wcwidth==0.2.13
    # via prompt-toolkit
win32-setctime==1.1.0
    # via loguru
