{
  "name": "static",
  "lockfileVersion": 3,
  "requires": true,
  "packages": {
    "": {
      "dependencies": {
        "@fullcalendar/bootstrap5": "^6.1.11",
        "@fullcalendar/core": "^6.1.11",
        "@fullcalendar/icalendar": "^6.1.11",
        "@fullcalendar/interaction": "^6.1.11",
        "bootstrap": "^5.2.3",
        "bootstrap-icons": "^1.11.3",
        "jquery": "^3.6.4",
        "reveal.js": "^4.4.0",
        "select2": "^4.1.0-rc.0"
      }
    },
    "node_modules/@fullcalendar/bootstrap5": {
      "version": "6.1.11",
      "resolved": "https://registry.npmjs.org/@fullcalendar/bootstrap5/-/bootstrap5-6.1.11.tgz",
      "integrity": "sha512-wZ2eYtZoi8VS2tcoe2oeca8wkkY85Nn+rH35JpFx35H77EMB5xBTtGAAEk9AClFkn+QscAwoOz3nyy1z0EqNpA==",
      "peerDependencies": {
        "@fullcalendar/core": "~6.1.11"
      }
    },
    "node_modules/@fullcalendar/core": {
      "version": "6.1.11",
      "resolved": "https://registry.npmjs.org/@fullcalendar/core/-/core-6.1.11.tgz",
      "integrity": "sha512-TjG7c8sUz+Vkui2FyCNJ+xqyu0nq653Ibe99A66LoW95oBo6tVhhKIaG1Wh0GVKymYiqAQN/OEdYTuj4ay27kA==",
      "dependencies": {
        "preact": "~10.12.1"
      }
    },
    "node_modules/@fullcalendar/icalendar": {
      "version": "6.1.11",
      "resolved": "https://registry.npmjs.org/@fullcalendar/icalendar/-/icalendar-6.1.11.tgz",
      "integrity": "sha512-a1kFIUs/G1ic9kkblL08n8Vwqw+jkBExhgFjbARVQrvyTwx0/SDmRtt0crqlkUYUOnu5nofj3xXPNupdxgPSwg==",
      "peerDependencies": {
        "@fullcalendar/core": "~6.1.11",
        "ical.js": "^1.4.0"
      }
    },
    "node_modules/@fullcalendar/interaction": {
      "version": "6.1.11",
      "resolved": "https://registry.npmjs.org/@fullcalendar/interaction/-/interaction-6.1.11.tgz",
      "integrity": "sha512-ynOKjzuPwEAMgTQ6R/Z2zvzIIqG4p8/Qmnhi1q0vzPZZxSIYx3rlZuvpEK2WGBZZ1XEafDOP/LGfbWoNZe+qdg==",
      "peerDependencies": {
        "@fullcalendar/core": "~6.1.11"
      }
    },
    "node_modules/@popperjs/core": {
      "version": "2.11.8",
      "resolved": "https://registry.npmjs.org/@popperjs/core/-/core-2.11.8.tgz",
      "integrity": "sha512-P1st0aksCrn9sGZhp8GMYwBnQsbvAWsZAX44oXNNvLHGqAOcoVxmjZiohstwQ7SqKnbR47akdNi+uleWD8+g6A==",
      "peer": true,
      "funding": {
        "type": "opencollective",
        "url": "https://opencollective.com/popperjs"
      }
    },
    "node_modules/bootstrap": {
      "version": "5.3.3",
      "resolved": "https://registry.npmjs.org/bootstrap/-/bootstrap-5.3.3.tgz",
      "integrity": "sha512-8HLCdWgyoMguSO9o+aH+iuZ+aht+mzW0u3HIMzVu7Srrpv7EBBxTnrFlSCskwdY1+EOFQSm7uMJhNQHkdPcmjg==",
      "funding": [
        {
          "type": "github",
          "url": "https://github.com/sponsors/twbs"
        },
        {
          "type": "opencollective",
          "url": "https://opencollective.com/bootstrap"
        }
      ],
      "peerDependencies": {
        "@popperjs/core": "^2.11.8"
      }
    },
    "node_modules/bootstrap-icons": {
      "version": "1.11.3",
      "resolved": "https://registry.npmjs.org/bootstrap-icons/-/bootstrap-icons-1.11.3.tgz",
      "integrity": "sha512-+3lpHrCw/it2/7lBL15VR0HEumaBss0+f/Lb6ZvHISn1mlK83jjFpooTLsMWbIjJMDjDjOExMsTxnXSIT4k4ww==",
      "funding": [
        {
          "type": "github",
          "url": "https://github.com/sponsors/twbs"
        },
        {
          "type": "opencollective",
          "url": "https://opencollective.com/bootstrap"
        }
      ]
    },
    "node_modules/ical.js": {
      "version": "1.5.0",
      "resolved": "https://registry.npmjs.org/ical.js/-/ical.js-1.5.0.tgz",
      "integrity": "sha512-7ZxMkogUkkaCx810yp0ZGKvq1ZpRgJeornPttpoxe6nYZ3NLesZe1wWMXDdwTkj/b5NtXT+Y16Aakph/ao98ZQ==",
      "peer": true
    },
    "node_modules/jquery": {
      "version": "3.7.1",
      "resolved": "https://registry.npmjs.org/jquery/-/jquery-3.7.1.tgz",
      "integrity": "sha512-m4avr8yL8kmFN8psrbFFFmB/If14iN5o9nw/NgnnM+kybDJpRsAynV2BsfpTYrTRysYUdADVD7CkUUizgkpLfg=="
    },
    "node_modules/preact": {
      "version": "10.12.1",
      "resolved": "https://registry.npmjs.org/preact/-/preact-10.12.1.tgz",
      "integrity": "sha512-l8386ixSsBdbreOAkqtrwqHwdvR35ID8c3rKPa8lCWuO86dBi32QWHV4vfsZK1utLLFMvw+Z5Ad4XLkZzchscg==",
      "funding": {
        "type": "opencollective",
        "url": "https://opencollective.com/preact"
      }
    },
    "node_modules/reveal.js": {
      "version": "4.6.1",
      "resolved": "https://registry.npmjs.org/reveal.js/-/reveal.js-4.6.1.tgz",
      "integrity": "sha512-1CW0auaXNPmwmvQ7TwpszwVxMi2Xr5cTS3J3EBC/HHgbPF32Dn7aiu/LKWDOGjMbaDwKQiGmfqcoGQ74HUHCMw==",
      "engines": {
        "node": ">=10.0.0"
      }
    },
    "node_modules/select2": {
      "version": "4.1.0-rc.0",
      "resolved": "https://registry.npmjs.org/select2/-/select2-4.1.0-rc.0.tgz",
      "integrity": "sha512-Hr9TdhyHCZUtwznEH2CBf7967mEM0idtJ5nMtjvk3Up5tPukOLXbHUNmh10oRfeNIhj+3GD3niu+g6sVK+gK0A=="
    }
  }
}
