# This file is automatically @generated by Poetry 1.7.1 and should not be changed by hand.

[[package]]
name = "colorama"
version = "0.4.6"
description = "Cross-platform colored terminal text."
optional = false
python-versions = "!=3.0.*,!=3.1.*,!=3.2.*,!=3.3.*,!=3.4.*,!=3.5.*,!=3.6.*,>=2.7"
files = [
    {file = "colorama-0.4.6-py2.py3-none-any.whl", hash = "sha256:4f1d9991f5acc0ca119f9d443620b77f9d6b33703e51011c16baf57afb285fc6"},
    {file = "colorama-0.4.6.tar.gz", hash = "sha256:08695f5cb7ed6e0531a20572697297273c47b8cae5a63ffc6d6ed5c201be6e44"},
]

[[package]]
name = "coverage"
version = "7.4.2"
description = "Code coverage measurement for Python"
optional = false
python-versions = ">=3.8"
files = [
    {file = "coverage-7.4.2-cp310-cp310-macosx_10_9_x86_64.whl", hash = "sha256:bf54c3e089179d9d23900e3efc86d46e4431188d9a657f345410eecdd0151f50"},
    {file = "coverage-7.4.2-cp310-cp310-macosx_11_0_arm64.whl", hash = "sha256:fe6e43c8b510719b48af7db9631b5fbac910ade4bd90e6378c85ac5ac706382c"},
    {file = "coverage-7.4.2-cp310-cp310-manylinux_2_17_aarch64.manylinux2014_aarch64.whl", hash = "sha256:8b98c89db1b150d851a7840142d60d01d07677a18f0f46836e691c38134ed18b"},
    {file = "coverage-7.4.2-cp310-cp310-manylinux_2_5_i686.manylinux1_i686.manylinux_2_17_i686.manylinux2014_i686.whl", hash = "sha256:c5f9683be6a5b19cd776ee4e2f2ffb411424819c69afab6b2db3a0a364ec6642"},
    {file = "coverage-7.4.2-cp310-cp310-manylinux_2_5_x86_64.manylinux1_x86_64.manylinux_2_17_x86_64.manylinux2014_x86_64.whl", hash = "sha256:78cdcbf7b9cb83fe047ee09298e25b1cd1636824067166dc97ad0543b079d22f"},
    {file = "coverage-7.4.2-cp310-cp310-musllinux_1_1_aarch64.whl", hash = "sha256:2599972b21911111114100d362aea9e70a88b258400672626efa2b9e2179609c"},
    {file = "coverage-7.4.2-cp310-cp310-musllinux_1_1_i686.whl", hash = "sha256:ef00d31b7569ed3cb2036f26565f1984b9fc08541731ce01012b02a4c238bf03"},
    {file = "coverage-7.4.2-cp310-cp310-musllinux_1_1_x86_64.whl", hash = "sha256:20a875bfd8c282985c4720c32aa05056f77a68e6d8bbc5fe8632c5860ee0b49b"},
    {file = "coverage-7.4.2-cp310-cp310-win32.whl", hash = "sha256:b3f2b1eb229f23c82898eedfc3296137cf1f16bb145ceab3edfd17cbde273fb7"},
    {file = "coverage-7.4.2-cp310-cp310-win_amd64.whl", hash = "sha256:7df95fdd1432a5d2675ce630fef5f239939e2b3610fe2f2b5bf21fa505256fa3"},
    {file = "coverage-7.4.2-cp311-cp311-macosx_10_9_x86_64.whl", hash = "sha256:a8ddbd158e069dded57738ea69b9744525181e99974c899b39f75b2b29a624e2"},
    {file = "coverage-7.4.2-cp311-cp311-macosx_11_0_arm64.whl", hash = "sha256:81a5fb41b0d24447a47543b749adc34d45a2cf77b48ca74e5bf3de60a7bd9edc"},
    {file = "coverage-7.4.2-cp311-cp311-manylinux_2_17_aarch64.manylinux2014_aarch64.whl", hash = "sha256:2412e98e70f16243be41d20836abd5f3f32edef07cbf8f407f1b6e1ceae783ac"},
    {file = "coverage-7.4.2-cp311-cp311-manylinux_2_5_i686.manylinux1_i686.manylinux_2_17_i686.manylinux2014_i686.whl", hash = "sha256:ddb79414c15c6f03f56cc68fa06994f047cf20207c31b5dad3f6bab54a0f66ef"},
    {file = "coverage-7.4.2-cp311-cp311-manylinux_2_5_x86_64.manylinux1_x86_64.manylinux_2_17_x86_64.manylinux2014_x86_64.whl", hash = "sha256:cf89ab85027427d351f1de918aff4b43f4eb5f33aff6835ed30322a86ac29c9e"},
    {file = "coverage-7.4.2-cp311-cp311-musllinux_1_1_aarch64.whl", hash = "sha256:a178b7b1ac0f1530bb28d2e51f88c0bab3e5949835851a60dda80bff6052510c"},
    {file = "coverage-7.4.2-cp311-cp311-musllinux_1_1_i686.whl", hash = "sha256:06fe398145a2e91edaf1ab4eee66149c6776c6b25b136f4a86fcbbb09512fd10"},
    {file = "coverage-7.4.2-cp311-cp311-musllinux_1_1_x86_64.whl", hash = "sha256:18cac867950943fe93d6cd56a67eb7dcd2d4a781a40f4c1e25d6f1ed98721a55"},
    {file = "coverage-7.4.2-cp311-cp311-win32.whl", hash = "sha256:f72cdd2586f9a769570d4b5714a3837b3a59a53b096bb954f1811f6a0afad305"},
    {file = "coverage-7.4.2-cp311-cp311-win_amd64.whl", hash = "sha256:d779a48fac416387dd5673fc5b2d6bd903ed903faaa3247dc1865c65eaa5a93e"},
    {file = "coverage-7.4.2-cp312-cp312-macosx_10_9_x86_64.whl", hash = "sha256:adbdfcda2469d188d79771d5696dc54fab98a16d2ef7e0875013b5f56a251047"},
    {file = "coverage-7.4.2-cp312-cp312-macosx_11_0_arm64.whl", hash = "sha256:ac4bab32f396b03ebecfcf2971668da9275b3bb5f81b3b6ba96622f4ef3f6e17"},
    {file = "coverage-7.4.2-cp312-cp312-manylinux_2_17_aarch64.manylinux2014_aarch64.whl", hash = "sha256:006d220ba2e1a45f1de083d5022d4955abb0aedd78904cd5a779b955b019ec73"},
    {file = "coverage-7.4.2-cp312-cp312-manylinux_2_5_i686.manylinux1_i686.manylinux_2_17_i686.manylinux2014_i686.whl", hash = "sha256:3733545eb294e5ad274abe131d1e7e7de4ba17a144505c12feca48803fea5f64"},
    {file = "coverage-7.4.2-cp312-cp312-manylinux_2_5_x86_64.manylinux1_x86_64.manylinux_2_17_x86_64.manylinux2014_x86_64.whl", hash = "sha256:42a9e754aa250fe61f0f99986399cec086d7e7a01dd82fd863a20af34cbce962"},
    {file = "coverage-7.4.2-cp312-cp312-musllinux_1_1_aarch64.whl", hash = "sha256:2ed37e16cf35c8d6e0b430254574b8edd242a367a1b1531bd1adc99c6a5e00fe"},
    {file = "coverage-7.4.2-cp312-cp312-musllinux_1_1_i686.whl", hash = "sha256:b953275d4edfab6cc0ed7139fa773dfb89e81fee1569a932f6020ce7c6da0e8f"},
    {file = "coverage-7.4.2-cp312-cp312-musllinux_1_1_x86_64.whl", hash = "sha256:32b4ab7e6c924f945cbae5392832e93e4ceb81483fd6dc4aa8fb1a97b9d3e0e1"},
    {file = "coverage-7.4.2-cp312-cp312-win32.whl", hash = "sha256:f5df76c58977bc35a49515b2fbba84a1d952ff0ec784a4070334dfbec28a2def"},
    {file = "coverage-7.4.2-cp312-cp312-win_amd64.whl", hash = "sha256:34423abbaad70fea9d0164add189eabaea679068ebdf693baa5c02d03e7db244"},
    {file = "coverage-7.4.2-cp38-cp38-macosx_10_9_x86_64.whl", hash = "sha256:5b11f9c6587668e495cc7365f85c93bed34c3a81f9f08b0920b87a89acc13469"},
    {file = "coverage-7.4.2-cp38-cp38-macosx_11_0_arm64.whl", hash = "sha256:51593a1f05c39332f623d64d910445fdec3d2ac2d96b37ce7f331882d5678ddf"},
    {file = "coverage-7.4.2-cp38-cp38-manylinux_2_17_aarch64.manylinux2014_aarch64.whl", hash = "sha256:69f1665165ba2fe7614e2f0c1aed71e14d83510bf67e2ee13df467d1c08bf1e8"},
    {file = "coverage-7.4.2-cp38-cp38-manylinux_2_5_i686.manylinux1_i686.manylinux_2_17_i686.manylinux2014_i686.whl", hash = "sha256:b3c8bbb95a699c80a167478478efe5e09ad31680931ec280bf2087905e3b95ec"},
    {file = "coverage-7.4.2-cp38-cp38-manylinux_2_5_x86_64.manylinux1_x86_64.manylinux_2_17_x86_64.manylinux2014_x86_64.whl", hash = "sha256:175f56572f25e1e1201d2b3e07b71ca4d201bf0b9cb8fad3f1dfae6a4188de86"},
    {file = "coverage-7.4.2-cp38-cp38-musllinux_1_1_aarch64.whl", hash = "sha256:8562ca91e8c40864942615b1d0b12289d3e745e6b2da901d133f52f2d510a1e3"},
    {file = "coverage-7.4.2-cp38-cp38-musllinux_1_1_i686.whl", hash = "sha256:d9a1ef0f173e1a19738f154fb3644f90d0ada56fe6c9b422f992b04266c55d5a"},
    {file = "coverage-7.4.2-cp38-cp38-musllinux_1_1_x86_64.whl", hash = "sha256:f40ac873045db4fd98a6f40387d242bde2708a3f8167bd967ccd43ad46394ba2"},
    {file = "coverage-7.4.2-cp38-cp38-win32.whl", hash = "sha256:d1b750a8409bec61caa7824bfd64a8074b6d2d420433f64c161a8335796c7c6b"},
    {file = "coverage-7.4.2-cp38-cp38-win_amd64.whl", hash = "sha256:b4ae777bebaed89e3a7e80c4a03fac434a98a8abb5251b2a957d38fe3fd30088"},
    {file = "coverage-7.4.2-cp39-cp39-macosx_10_9_x86_64.whl", hash = "sha256:3ff7f92ae5a456101ca8f48387fd3c56eb96353588e686286f50633a611afc95"},
    {file = "coverage-7.4.2-cp39-cp39-macosx_11_0_arm64.whl", hash = "sha256:861d75402269ffda0b33af94694b8e0703563116b04c681b1832903fac8fd647"},
    {file = "coverage-7.4.2-cp39-cp39-manylinux_2_17_aarch64.manylinux2014_aarch64.whl", hash = "sha256:3507427d83fa961cbd73f11140f4a5ce84208d31756f7238d6257b2d3d868405"},
    {file = "coverage-7.4.2-cp39-cp39-manylinux_2_5_i686.manylinux1_i686.manylinux_2_17_i686.manylinux2014_i686.whl", hash = "sha256:bf711d517e21fb5bc429f5c4308fbc430a8585ff2a43e88540264ae87871e36a"},
    {file = "coverage-7.4.2-cp39-cp39-manylinux_2_5_x86_64.manylinux1_x86_64.manylinux_2_17_x86_64.manylinux2014_x86_64.whl", hash = "sha256:c00e54f0bd258ab25e7f731ca1d5144b0bf7bec0051abccd2bdcff65fa3262c9"},
    {file = "coverage-7.4.2-cp39-cp39-musllinux_1_1_aarch64.whl", hash = "sha256:f8e845d894e39fb53834da826078f6dc1a933b32b1478cf437007367efaf6f6a"},
    {file = "coverage-7.4.2-cp39-cp39-musllinux_1_1_i686.whl", hash = "sha256:840456cb1067dc350af9080298c7c2cfdddcedc1cb1e0b30dceecdaf7be1a2d3"},
    {file = "coverage-7.4.2-cp39-cp39-musllinux_1_1_x86_64.whl", hash = "sha256:c11ca2df2206a4e3e4c4567f52594637392ed05d7c7fb73b4ea1c658ba560265"},
    {file = "coverage-7.4.2-cp39-cp39-win32.whl", hash = "sha256:3ff5bdb08d8938d336ce4088ca1a1e4b6c8cd3bef8bb3a4c0eb2f37406e49643"},
    {file = "coverage-7.4.2-cp39-cp39-win_amd64.whl", hash = "sha256:ac9e95cefcf044c98d4e2c829cd0669918585755dd9a92e28a1a7012322d0a95"},
    {file = "coverage-7.4.2-pp38.pp39.pp310-none-any.whl", hash = "sha256:f593a4a90118d99014517c2679e04a4ef5aee2d81aa05c26c734d271065efcb6"},
    {file = "coverage-7.4.2.tar.gz", hash = "sha256:1a5ee18e3a8d766075ce9314ed1cb695414bae67df6a4b0805f5137d93d6f1cb"},
]

[package.dependencies]
tomli = {version = "*", optional = true, markers = "python_full_version <= \"3.11.0a6\" and extra == \"toml\""}

[package.extras]
toml = ["tomli"]

[[package]]
name = "exceptiongroup"
version = "1.2.0"
description = "Backport of PEP 654 (exception groups)"
optional = false
python-versions = ">=3.7"
files = [
    {file = "exceptiongroup-1.2.0-py3-none-any.whl", hash = "sha256:4bfd3996ac73b41e9b9628b04e079f193850720ea5945fc96a08633c66912f14"},
    {file = "exceptiongroup-1.2.0.tar.gz", hash = "sha256:91f5c769735f051a4290d52edd0858999b57e5876e9f85937691bd4c9fa3ed68"},
]

[package.extras]
test = ["pytest (>=6)"]

[[package]]
name = "iniconfig"
version = "2.0.0"
description = "brain-dead simple config-ini parsing"
optional = false
python-versions = ">=3.7"
files = [
    {file = "iniconfig-2.0.0-py3-none-any.whl", hash = "sha256:b6a85871a79d2e3b22d2d1b94ac2824226a63c6b741c88f7ae975f18b6778374"},
    {file = "iniconfig-2.0.0.tar.gz", hash = "sha256:2d91e135bf72d31a410b17c16da610a82cb55f6b0477d1a902134b24a455b8b3"},
]

[[package]]
name = "marisa-trie"
version = "0.7.8"
description = "Static memory-efficient and fast Trie-like structures for Python."
optional = false
python-versions = ">=2.7, !=3.0.*, !=3.1.*, !=3.2.*, !=3.3.*"
files = [
    {file = "marisa-trie-0.7.8.tar.gz", hash = "sha256:aee3de5f2836074cfd803f1caf16f68390f262ef09cd7dc7d0e8aee9b6878643"},
    {file = "marisa_trie-0.7.8-cp310-cp310-macosx_10_9_universal2.whl", hash = "sha256:2f1cf9d5ead4471b149fdb93a1c84eddaa941d23e67b0782091adc222d198a87"},
    {file = "marisa_trie-0.7.8-cp310-cp310-macosx_10_9_x86_64.whl", hash = "sha256:73296b4d6d8ce2f6bc3898fe84348756beddb10cb56442391d050bff135e9c4c"},
    {file = "marisa_trie-0.7.8-cp310-cp310-macosx_11_0_arm64.whl", hash = "sha256:782c1515caa603656e15779bc61d5db3b079fa4270ad77f464908796e0d940aa"},
    {file = "marisa_trie-0.7.8-cp310-cp310-manylinux_2_17_x86_64.manylinux2014_x86_64.whl", hash = "sha256:49131e51aad530e4d47c716cef1bbef15a4e5b8f75bddfcdd7903f5043ef2331"},
    {file = "marisa_trie-0.7.8-cp310-cp310-manylinux_2_5_i686.manylinux1_i686.manylinux_2_17_i686.manylinux2014_i686.whl", hash = "sha256:45b0a38e015d0149141f028b8892ab518946b828c7931685199549294f5893ca"},
    {file = "marisa_trie-0.7.8-cp310-cp310-musllinux_1_1_i686.whl", hash = "sha256:a537e0efff1ec880bc212390e97f1d35832a44bd78c96807ddb685d538875096"},
    {file = "marisa_trie-0.7.8-cp310-cp310-musllinux_1_1_x86_64.whl", hash = "sha256:5c2a33ede2655f1a6fb840729128cb4bc48829108711f79b7a645b6c0c54b5c2"},
    {file = "marisa_trie-0.7.8-cp310-cp310-win32.whl", hash = "sha256:7200cde8e2040811e98661a60463b296b76a6b224411f8899aa0850085e6af40"},
    {file = "marisa_trie-0.7.8-cp310-cp310-win_amd64.whl", hash = "sha256:a432607bae139183c7251da7eb22f761440bc07d92eacc9e9f7dc0d87f70c495"},
    {file = "marisa_trie-0.7.8-cp311-cp311-macosx_10_9_universal2.whl", hash = "sha256:a891d2841da153b98c6c7fbe0a89ea8edbc164bdc96a001f360bdcdd54e2070d"},
    {file = "marisa_trie-0.7.8-cp311-cp311-macosx_10_9_x86_64.whl", hash = "sha256:c9ab632c5caef23a59cd43c76ab59e325f9eadd1e9c8b1c34005b9756ae716ee"},
    {file = "marisa_trie-0.7.8-cp311-cp311-macosx_11_0_arm64.whl", hash = "sha256:68087942e95acb5801f2a5e9a874aa57af27a4afb52aca81fe1cbe22b2a2fd38"},
    {file = "marisa_trie-0.7.8-cp311-cp311-manylinux_2_17_x86_64.manylinux2014_x86_64.whl", hash = "sha256:0ef2c4a5023bb6ddbaf1803187b7fb3108e9955aa9c60564504e5f622517c9e7"},
    {file = "marisa_trie-0.7.8-cp311-cp311-manylinux_2_5_i686.manylinux1_i686.manylinux_2_17_i686.manylinux2014_i686.whl", hash = "sha256:24e873619f61bef6a87c669ae459b79d98822270e8a10b21fc52dddf2acc9a46"},
    {file = "marisa_trie-0.7.8-cp311-cp311-musllinux_1_1_i686.whl", hash = "sha256:34189c321f30cefb76a6b20c7f055b3f6cd0bc8378c16ba8b7283fd898bf4ac2"},
    {file = "marisa_trie-0.7.8-cp311-cp311-musllinux_1_1_x86_64.whl", hash = "sha256:396555d5f52dc86c65717052573fa2875e10f9e5dd014f825677beadcaec8248"},
    {file = "marisa_trie-0.7.8-cp311-cp311-win32.whl", hash = "sha256:bfe649b02b6318bac572b86d9ddd8276c594411311f8e5ef2edc4bcd7285a06f"},
    {file = "marisa_trie-0.7.8-cp311-cp311-win_amd64.whl", hash = "sha256:84991b52a187d09b269c4caefc8b857a81156c44997eec7eac0e2862d108cc20"},
    {file = "marisa_trie-0.7.8-cp36-cp36m-macosx_10_9_x86_64.whl", hash = "sha256:0555104fe9f414abb12e967322a13df778b21958d1727470f4c8dedfde76a8f2"},
    {file = "marisa_trie-0.7.8-cp36-cp36m-manylinux_2_17_x86_64.manylinux2014_x86_64.whl", hash = "sha256:f96531013252bca14f7665f67aa642be113b6c348ada5e167ebf8db27b1551b5"},
    {file = "marisa_trie-0.7.8-cp36-cp36m-manylinux_2_5_i686.manylinux1_i686.manylinux_2_17_i686.manylinux2014_i686.whl", hash = "sha256:4ed76391b132c6261cfb402c1a08679e635d09a0a142dae2c1744d816f103c7f"},
    {file = "marisa_trie-0.7.8-cp36-cp36m-musllinux_1_1_i686.whl", hash = "sha256:e6232506b4d66da932f70cf359a4c5ba9e086228ccd97b602159e90c6ea53dab"},
    {file = "marisa_trie-0.7.8-cp36-cp36m-musllinux_1_1_x86_64.whl", hash = "sha256:34f927f2738d0b402b76821895254e6a164d5020042559f7d910f6632829cdfa"},
    {file = "marisa_trie-0.7.8-cp36-cp36m-win32.whl", hash = "sha256:645908879ae8fcadfb51650fc176902b9e68eee9a8c4d4d8c682cf99ce3ff029"},
    {file = "marisa_trie-0.7.8-cp36-cp36m-win_amd64.whl", hash = "sha256:a5bf2912810e135ce1e60a9b56a179ed62258306103bf5dd3186307f5c51b28f"},
    {file = "marisa_trie-0.7.8-cp37-cp37m-macosx_10_9_x86_64.whl", hash = "sha256:bd86212d5037973deda057fc29d60e83dca05e68fa1e7ceaf014c513975c7a0d"},
    {file = "marisa_trie-0.7.8-cp37-cp37m-manylinux_2_17_x86_64.manylinux2014_x86_64.whl", hash = "sha256:5f280f059be417cff81ac030db6a002f8a93093c7ca4555e570d43a24ed45514"},
    {file = "marisa_trie-0.7.8-cp37-cp37m-manylinux_2_5_i686.manylinux1_i686.manylinux_2_17_i686.manylinux2014_i686.whl", hash = "sha256:1ae35c696f3c5b57c5fe4f73725102f3fe884bc658b854d484dfe6d7e72c86f5"},
    {file = "marisa_trie-0.7.8-cp37-cp37m-musllinux_1_1_i686.whl", hash = "sha256:524c02f398d361aaf85d8f7709b5ac6de68d020c588fb6c087fb171137643c13"},
    {file = "marisa_trie-0.7.8-cp37-cp37m-musllinux_1_1_x86_64.whl", hash = "sha256:353113e811ccfa176fbb611b83671f0b3b40f46b3896b096c10e43f65d35916d"},
    {file = "marisa_trie-0.7.8-cp37-cp37m-win32.whl", hash = "sha256:93172a7314d4d5993970dbafb746f23140d3abfa0d93cc174e766a302d125f7d"},
    {file = "marisa_trie-0.7.8-cp37-cp37m-win_amd64.whl", hash = "sha256:579d69981b18f427bd8e540199c4de400a2bd4ae98e96c814a12cbf766e7029b"},
    {file = "marisa_trie-0.7.8-cp38-cp38-macosx_10_9_universal2.whl", hash = "sha256:08858920d0e09ca07d239252884fd72db2abb56c35ff463145ffc9c1277a4f34"},
    {file = "marisa_trie-0.7.8-cp38-cp38-macosx_10_9_x86_64.whl", hash = "sha256:a1b4d07158a3f9b4e84ee709a1fa86b9e11f3dd3b1e6fc45493195105a029545"},
    {file = "marisa_trie-0.7.8-cp38-cp38-macosx_11_0_arm64.whl", hash = "sha256:f0359f392679774d1ff014f12efdf48da5d661e6241531ff55a3ae5a72a1137e"},
    {file = "marisa_trie-0.7.8-cp38-cp38-manylinux_2_17_x86_64.manylinux2014_x86_64.whl", hash = "sha256:6c1daaa8c38423fbd119db6654f92740d5ee40d1185a2bbc47afae6712b9ebfc"},
    {file = "marisa_trie-0.7.8-cp38-cp38-manylinux_2_5_i686.manylinux1_i686.manylinux_2_17_i686.manylinux2014_i686.whl", hash = "sha256:266bf4b6e00b4cff2b8618533919d38b883127f4e5c0af0e0bd78a042093dd99"},
    {file = "marisa_trie-0.7.8-cp38-cp38-musllinux_1_1_i686.whl", hash = "sha256:fd7e71d8d85d04d2a5d23611663b2d322b60c98c2edab7e9ef9a2019f7435c5b"},
    {file = "marisa_trie-0.7.8-cp38-cp38-musllinux_1_1_x86_64.whl", hash = "sha256:66b13382be3c277f32143e6c814344118721c7954b2bfb57f5cfe93d17e63c9e"},
    {file = "marisa_trie-0.7.8-cp38-cp38-win32.whl", hash = "sha256:d75b5d642b3d1e47a0ab649fb5eb6bf3681a5e1d3793c8ea7546586ab72731fd"},
    {file = "marisa_trie-0.7.8-cp38-cp38-win_amd64.whl", hash = "sha256:07c14c88fde8a0ac55139f9fe763dc0deabc4b7950047719ae986ca62135e1fb"},
    {file = "marisa_trie-0.7.8-cp39-cp39-macosx_10_9_universal2.whl", hash = "sha256:c8df5238c7b29498f4ee24fd3ee25e0129b3c56beaed1dd1628bce0ebac8ec8c"},
    {file = "marisa_trie-0.7.8-cp39-cp39-macosx_10_9_x86_64.whl", hash = "sha256:db2bdc480d83a1a566b3a64027f9fb34eae98bfe45788c41a45e99d430cbf48a"},
    {file = "marisa_trie-0.7.8-cp39-cp39-macosx_11_0_arm64.whl", hash = "sha256:80b22bdbebc3e6677e83db1352e4f6d478364107874c031a34a961437ead4e93"},
    {file = "marisa_trie-0.7.8-cp39-cp39-manylinux_2_17_x86_64.manylinux2014_x86_64.whl", hash = "sha256:6412c816be723a0f11dd41225a30a08182cf2b3b7b3c882c44335003bde47003"},
    {file = "marisa_trie-0.7.8-cp39-cp39-manylinux_2_5_i686.manylinux1_i686.manylinux_2_17_i686.manylinux2014_i686.whl", hash = "sha256:6fcdb7f802db43857df3825c4c11acd14bb380deb961ff91e260950886531400"},
    {file = "marisa_trie-0.7.8-cp39-cp39-musllinux_1_1_i686.whl", hash = "sha256:5cf04156f38dc46f0f14423f98559c5def7d83f3a30f8a580c27ad3b0311ce76"},
    {file = "marisa_trie-0.7.8-cp39-cp39-musllinux_1_1_x86_64.whl", hash = "sha256:c53b1d02f4974ecb52c6e8c6f4f1dbf3a15e79bc3861f4ad48b14e4e77c82342"},
    {file = "marisa_trie-0.7.8-cp39-cp39-win32.whl", hash = "sha256:75317347f20bf05ab2ce5537a90989b1439b5e1752f558aad7b5d6b43194429b"},
    {file = "marisa_trie-0.7.8-cp39-cp39-win_amd64.whl", hash = "sha256:82ba3caed5acfdff6a23d6881cc1927776b7320415261b6b24f48d0a190ab890"},
    {file = "marisa_trie-0.7.8-pp37-pypy37_pp73-macosx_10_9_x86_64.whl", hash = "sha256:43abd082a21295b04859705b088d15acac8956587557680850e3149a79e36789"},
    {file = "marisa_trie-0.7.8-pp37-pypy37_pp73-manylinux_2_17_x86_64.manylinux2014_x86_64.whl", hash = "sha256:d0d891f0138e5aecc9c5afb7b0a57c758e22c5b5c7c0edb0a1f21ae933259815"},
    {file = "marisa_trie-0.7.8-pp37-pypy37_pp73-manylinux_2_5_i686.manylinux1_i686.manylinux_2_17_i686.manylinux2014_i686.whl", hash = "sha256:9031184fe2215b591a6cdefe5d6d4901806fd7359e813c485a7ff25ea69d603c"},
    {file = "marisa_trie-0.7.8-pp37-pypy37_pp73-win_amd64.whl", hash = "sha256:8ccb3ba8a2a589b8a7aed693d564f20a6d3bbbb552975f904ba311cea6b85706"},
    {file = "marisa_trie-0.7.8-pp38-pypy38_pp73-macosx_10_9_x86_64.whl", hash = "sha256:f49a2cba047e643e5cd295d75de59f1df710c5e919cd376ac06ead513439881b"},
    {file = "marisa_trie-0.7.8-pp38-pypy38_pp73-manylinux_2_17_x86_64.manylinux2014_x86_64.whl", hash = "sha256:d37ea556bb99d9b0dfbe8fd6bdb17e91b91d04531be9e3b8b1b7b7f76ea55637"},
    {file = "marisa_trie-0.7.8-pp38-pypy38_pp73-manylinux_2_5_i686.manylinux1_i686.manylinux_2_17_i686.manylinux2014_i686.whl", hash = "sha256:55a5aea422a4c0c9ef143d3703323f2a43b4a5315fc90bbb6e9ff18544b8d931"},
    {file = "marisa_trie-0.7.8-pp38-pypy38_pp73-win_amd64.whl", hash = "sha256:d19f363b981fe9b4a302060a8088fd1f00906bc315db24f5d6726b5c309cc47e"},
    {file = "marisa_trie-0.7.8-pp39-pypy39_pp73-macosx_10_9_x86_64.whl", hash = "sha256:e0d51c31fb41b6bc76c1abb7cf2d63a6e0ba7feffc96ea3d92b4d5084d71721a"},
    {file = "marisa_trie-0.7.8-pp39-pypy39_pp73-manylinux_2_17_x86_64.manylinux2014_x86_64.whl", hash = "sha256:71ed6286e9d593dac035b8516e7ec35a1b54a7d9c6451a9319e918a8ef722714"},
    {file = "marisa_trie-0.7.8-pp39-pypy39_pp73-manylinux_2_5_i686.manylinux1_i686.manylinux_2_17_i686.manylinux2014_i686.whl", hash = "sha256:cc1c1dca06c0fdcca5bb261a09eca2b3bcf41eaeb467caf600ac68e77d3ed2c0"},
    {file = "marisa_trie-0.7.8-pp39-pypy39_pp73-win_amd64.whl", hash = "sha256:891be5569cd6e3a059c2de53d63251aaaef513d68e8d2181f71378f9cb69e1ab"},
]

[package.dependencies]
setuptools = "*"

[package.extras]
test = ["hypothesis", "pytest", "readme-renderer"]

[[package]]
name = "packaging"
version = "23.2"
description = "Core utilities for Python packages"
optional = false
python-versions = ">=3.7"
files = [
    {file = "packaging-23.2-py3-none-any.whl", hash = "sha256:8c491190033a9af7e1d931d0b5dacc2ef47509b34dd0de67ed209b5203fc88c7"},
    {file = "packaging-23.2.tar.gz", hash = "sha256:048fb0e9405036518eaaf48a55953c750c11e1a1b68e0dd1a9d62ed0c092cfc5"},
]

[[package]]
name = "pluggy"
version = "1.4.0"
description = "plugin and hook calling mechanisms for python"
optional = false
python-versions = ">=3.8"
files = [
    {file = "pluggy-1.4.0-py3-none-any.whl", hash = "sha256:7db9f7b503d67d1c5b95f59773ebb58a8c1c288129a88665838012cfb07b8981"},
    {file = "pluggy-1.4.0.tar.gz", hash = "sha256:8c85c2876142a764e5b7548e7d9a0e0ddb46f5185161049a79b7e974454223be"},
]

[package.extras]
dev = ["pre-commit", "tox"]
testing = ["pytest", "pytest-benchmark"]

[[package]]
name = "pytest"
version = "8.0.1"
description = "pytest: simple powerful testing with Python"
optional = false
python-versions = ">=3.8"
files = [
    {file = "pytest-8.0.1-py3-none-any.whl", hash = "sha256:3e4f16fe1c0a9dc9d9389161c127c3edc5d810c38d6793042fb81d9f48a59fca"},
    {file = "pytest-8.0.1.tar.gz", hash = "sha256:267f6563751877d772019b13aacbe4e860d73fe8f651f28112e9ac37de7513ae"},
]

[package.dependencies]
colorama = {version = "*", markers = "sys_platform == \"win32\""}
exceptiongroup = {version = ">=1.0.0rc8", markers = "python_version < \"3.11\""}
iniconfig = "*"
packaging = "*"
pluggy = ">=1.3.0,<2.0"
tomli = {version = ">=1.0.0", markers = "python_version < \"3.11\""}

[package.extras]
testing = ["argcomplete", "attrs (>=19.2.0)", "hypothesis (>=3.56)", "mock", "nose", "pygments (>=2.7.2)", "requests", "setuptools", "xmlschema"]

[[package]]
name = "pytest-cov"
version = "4.1.0"
description = "Pytest plugin for measuring coverage."
optional = false
python-versions = ">=3.7"
files = [
    {file = "pytest-cov-4.1.0.tar.gz", hash = "sha256:3904b13dfbfec47f003b8e77fd5b589cd11904a21ddf1ab38a64f204d6a10ef6"},
    {file = "pytest_cov-4.1.0-py3-none-any.whl", hash = "sha256:6ba70b9e97e69fcc3fb45bfeab2d0a138fb65c4d0d6a41ef33983ad114be8c3a"},
]

[package.dependencies]
coverage = {version = ">=5.2.1", extras = ["toml"]}
pytest = ">=4.6"

[package.extras]
testing = ["fields", "hunter", "process-tests", "pytest-xdist", "six", "virtualenv"]

[[package]]
name = "setuptools"
version = "69.1.1"
description = "Easily download, build, install, upgrade, and uninstall Python packages"
optional = false
python-versions = ">=3.8"
files = [
    {file = "setuptools-69.1.1-py3-none-any.whl", hash = "sha256:02fa291a0471b3a18b2b2481ed902af520c69e8ae0919c13da936542754b4c56"},
    {file = "setuptools-69.1.1.tar.gz", hash = "sha256:5c0806c7d9af348e6dd3777b4f4dbb42c7ad85b190104837488eab9a7c945cf8"},
]

[package.extras]
docs = ["furo", "jaraco.packaging (>=9.3)", "jaraco.tidelift (>=1.4)", "pygments-github-lexers (==0.0.5)", "rst.linker (>=1.9)", "sphinx (<7.2.5)", "sphinx (>=3.5)", "sphinx-favicon", "sphinx-inline-tabs", "sphinx-lint", "sphinx-notfound-page (>=1,<2)", "sphinx-reredirects", "sphinxcontrib-towncrier"]
testing = ["build[virtualenv]", "filelock (>=3.4.0)", "flake8-2020", "ini2toml[lite] (>=0.9)", "jaraco.develop (>=7.21)", "jaraco.envs (>=2.2)", "jaraco.path (>=3.2.0)", "packaging (>=23.2)", "pip (>=19.1)", "pytest (>=6)", "pytest-checkdocs (>=2.4)", "pytest-cov", "pytest-enabler (>=2.2)", "pytest-home (>=0.5)", "pytest-mypy (>=0.9.1)", "pytest-perf", "pytest-ruff (>=0.2.1)", "pytest-timeout", "pytest-xdist", "tomli-w (>=1.0.0)", "virtualenv (>=13.0.0)", "wheel"]
testing-integration = ["build[virtualenv] (>=1.0.3)", "filelock (>=3.4.0)", "jaraco.envs (>=2.2)", "jaraco.path (>=3.2.0)", "packaging (>=23.2)", "pytest", "pytest-enabler", "pytest-xdist", "tomli", "virtualenv (>=13.0.0)", "wheel"]

[[package]]
name = "tomli"
version = "2.0.1"
description = "A lil' TOML parser"
optional = false
python-versions = ">=3.7"
files = [
    {file = "tomli-2.0.1-py3-none-any.whl", hash = "sha256:939de3e7a6161af0c887ef91b7d41a53e7c5a1ca976325f429cb46ea9bc30ecc"},
    {file = "tomli-2.0.1.tar.gz", hash = "sha256:de526c12914f0c550d15924c62d72abc48d6fe7364aa87328337a31007fe8a4f"},
]

[metadata]
lock-version = "2.0"
python-versions = ">= 3.8"
content-hash = "c57a907e3e2d2c4a35a1c76151e5df4b88c637132a3148f203a7472d63adb2e0"
